
Microsoft Visual Studio Solution File, Format Version 12.00
Project("{FAE04EC0-301F-11D3-BF4B-00C04F79EFBC}") = "CSharp14Features.ConditionalAssignments", "CSharp14Features.ConditionalAssignments\CSharp14Features.ConditionalAssignments.csproj", "{3301476B-8156-498B-8C85-24D70FE6D5A3}"
EndProject
Project("{FAE04EC0-301F-11D3-BF4B-00C04F79EFBC}") = "CSharp14Features.ImplicitLambdaTypes", "CSharp14Features.ImplicitLambdaTypes\CSharp14Features.ImplicitLambdaTypes.csproj", "{0695386C-90A3-476C-82FA-2E1676F233C7}"
EndProject
Global
	GlobalSection(SolutionConfigurationPlatforms) = preSolution
		Debug|Any CPU = Debug|Any CPU
		Release|Any CPU = Release|Any CPU
	EndGlobalSection
	GlobalSection(ProjectConfigurationPlatforms) = postSolution
		{3301476B-8156-498B-8C85-24D70FE6D5A3}.Debug|Any CPU.ActiveCfg = Debug|Any CPU
		{3301476B-8156-498B-8C85-24D70FE6D5A3}.Debug|Any CPU.Build.0 = Debug|Any CPU
		{3301476B-8156-498B-8C85-24D70FE6D5A3}.Release|Any CPU.ActiveCfg = Release|Any CPU
		{3301476B-8156-498B-8C85-24D70FE6D5A3}.Release|Any CPU.Build.0 = Release|Any CPU
		{0695386C-90A3-476C-82FA-2E1676F233C7}.Debug|Any CPU.ActiveCfg = Debug|Any CPU
		{0695386C-90A3-476C-82FA-2E1676F233C7}.Debug|Any CPU.Build.0 = Debug|Any CPU
		{0695386C-90A3-476C-82FA-2E1676F233C7}.Release|Any CPU.ActiveCfg = Release|Any CPU
		{0695386C-90A3-476C-82FA-2E1676F233C7}.Release|Any CPU.Build.0 = Release|Any CPU
	EndGlobalSection
EndGlobal
